// !$*UTF8*$!
{
	archiveVersion = 1;
	classes = {
	};
	objectVersion = 50;
	objects = {

/* Begin PBXBuildFile section */
		4C20AE8C256D3BCC0068E629 /* xiebinApp.swift in Sources */ = {isa = PBXBuildFile; fileRef = 4C20AE8B256D3BCC0068E629 /* xiebinApp.swift */; };
		4C20AE8E256D3BCC0068E629 /* ContentView.swift in Sources */ = {isa = PBXBuildFile; fileRef = 4C20AE8D256D3BCC0068E629 /* ContentView.swift */; };
		4C20AE90256D3BCE0068E629 /* Assets.xcassets in Resources */ = {isa = PBXBuildFile; fileRef = 4C20AE8F256D3BCE0068E629 /* Assets.xcassets */; };
		4C20AE93256D3BCE0068E629 /* Preview Assets.xcassets in Resources */ = {isa = PBXBuildFile; fileRef = 4C20AE92256D3BCE0068E629 /* Preview Assets.xcassets */; };
		4C20AE9E256D3BCE0068E629 /* xiebinTests.swift in Sources */ = {isa = PBXBuildFile; fileRef = 4C20AE9D256D3BCE0068E629 /* xiebinTests.swift */; };
		4C20AEA9256D3BCF0068E629 /* xiebinUITests.swift in Sources */ = {isa = PBXBuildFile; fileRef = 4C20AEA8256D3BCF0068E629 /* xiebinUITests.swift */; };
/* End PBXBuildFile section */

/* Begin PBXContainerItemProxy section */
		4C20AE9A256D3BCE0068E629 /* PBXContainerItemProxy */ = {
			isa = PBXContainerItemProxy;
			containerPortal = 4C20AE80256D3BCC0068E629 /* Project object */;
			proxyType = 1;
			remoteGlobalIDString = 4C20AE87256D3BCC0068E629;
			remoteInfo = xiebin;
		};
		4C20AEA5256D3BCE0068E629 /* PBXContainerItemProxy */ = {
			isa = PBXContainerItemProxy;
			containerPortal = 4C20AE80256D3BCC0068E629 /* Project object */;
			proxyType = 1;
			remoteGlobalIDString = 4C20AE87256D3BCC0068E629;
			remoteInfo = xiebin;
		};
/* End PBXContainerItemProxy section */

/* Begin PBXFileReference section */
		4C20AE88256D3BCC0068E629 /* xiebin.app */ = {isa = PBXFileReference; explicitFileType = wrapper.application; includeInIndex = 0; path = xiebin.app; sourceTree = BUILT_PRODUCTS_DIR; };
		4C20AE8B256D3BCC0068E629 /* xiebinApp.swift */ = {isa = PBXFileReference; lastKnownFileType = sourcecode.swift; path = xiebinApp.swift; sourceTree = "<group>"; };
		4C20AE8D256D3BCC0068E629 /* ContentView.swift */ = {isa = PBXFileReference; lastKnownFileType = sourcecode.swift; path = ContentView.swift; sourceTree = "<group>"; };
		4C20AE8F256D3BCE0068E629 /* Assets.xcassets */ = {isa = PBXFileReference; lastKnownFileType = folder.assetcatalog; path = Assets.xcassets; sourceTree = "<group>"; };
		4C20AE92256D3BCE0068E629 /* Preview Assets.xcassets */ = {isa = PBXFileReference; lastKnownFileType = folder.assetcatalog; path = "Preview Assets.xcassets"; sourceTree = "<group>"; };
		4C20AE94256D3BCE0068E629 /* Info.plist */ = {isa = PBXFileReference; lastKnownFileType = text.plist.xml; path = Info.plist; sourceTree = "<group>"; };
		4C20AE99256D3BCE0068E629 /* xiebinTests.xctest */ = {isa = PBXFileReference; explicitFileType = wrapper.cfbundle; includeInIndex = 0; path = xiebinTests.xctest; sourceTree = BUILT_PRODUCTS_DIR; };
		4C20AE9D256D3BCE0068E629 /* xiebinTests.swift */ = {isa = PBXFileReference; lastKnownFileType = sourcecode.swift; path = xiebinTests.swift; sourceTree = "<group>"; };
		4C20AE9F256D3BCE0068E629 /* Info.plist */ = {isa = PBXFileReference; lastKnownFileType = text.plist.xml; path = Info.plist; sourceTree = "<group>"; };
		4C20AEA4256D3BCE0068E629 /* xiebinUITests.xctest */ = {isa = PBXFileReference; explicitFileType = wrapper.cfbundle; includeInIndex = 0; path = xiebinUITests.xctest; sourceTree = BUILT_PRODUCTS_DIR; };
		4C20AEA8256D3BCF0068E629 /* xiebinUITests.swift */ = {isa = PBXFileReference; lastKnownFileType = sourcecode.swift; path = xiebinUITests.swift; sourceTree = "<group>"; };
		4C20AEAA256D3BCF0068E629 /* Info.plist */ = {isa = PBXFileReference; lastKnownFileType = text.plist.xml; path = Info.plist; sourceTree = "<group>"; };
/* End PBXFileReference section */

/* Begin PBXFrameworksBuildPhase section */
		4C20AE85256D3BCC0068E629 /* Frameworks */ = {
			isa = PBXFrameworksBuildPhase;
			buildActionMask = 2147483647;
			files = (
			);
			runOnlyForDeploymentPostprocessing = 0;
		};
		4C20AE96256D3BCE0068E629 /* Frameworks */ = {
			isa = PBXFrameworksBuildPhase;
			buildActionMask = 2147483647;
			files = (
			);
			runOnlyForDeploymentPostprocessing = 0;
		};
		4C20AEA1256D3BCE0068E629 /* Frameworks */ = {
			isa = PBXFrameworksBuildPhase;
			buildActionMask = 2147483647;
			files = (
			);
			runOnlyForDeploymentPostprocessing = 0;
		};
/* End PBXFrameworksBuildPhase section */

/* Begin PBXGroup section */
		4C20AE7F256D3BCC0068E629 = {
			isa = PBXGroup;
			children = (
				4C20AE8A256D3BCC0068E629 /* xiebin */,
				4C20AE9C256D3BCE0068E629 /* xiebinTests */,
				4C20AEA7256D3BCE0068E629 /* xiebinUITests */,
				4C20AE89256D3BCC0068E629 /* Products */,
			);
			sourceTree = "<group>";
		};
		4C20AE89256D3BCC0068E629 /* Products */ = {
			isa = PBXGroup;
			children = (
				4C20AE88256D3BCC0068E629 /* xiebin.app */,
				4C20AE99256D3BCE0068E629 /* xiebinTests.xctest */,
				4C20AEA4256D3BCE0068E629 /* xiebinUITests.xctest */,
			);
			name = Products;
			sourceTree = "<group>";
		};
		4C20AE8A256D3BCC0068E629 /* xiebin */ = {
			isa = PBXGroup;
			children = (
				4C20AE8B256D3BCC0068E629 /* xiebinApp.swift */,
				4C20AE8D256D3BCC0068E629 /* ContentView.swift */,
				4C20AE8F256D3BCE0068E629 /* Assets.xcassets */,
				4C20AE94256D3BCE0068E629 /* Info.plist */,
				4C20AE91256D3BCE0068E629 /* Preview Content */,
			);
			path = xiebin;
			sourceTree = "<group>";
		};
		4C20AE91256D3BCE0068E629 /* Preview Content */ = {
			isa = PBXGroup;
			children = (
				4C20AE92256D3BCE0068E629 /* Preview Assets.xcassets */,
			);
			path = "Preview Content";
			sourceTree = "<group>";
		};
		4C20AE9C256D3BCE0068E629 /* xiebinTests */ = {
			isa = PBXGroup;
			children = (
				4C20AE9D256D3BCE0068E629 /* xiebinTests.swift */,
				4C20AE9F256D3BCE0068E629 /* Info.plist */,
			);
			path = xiebinTests;
			sourceTree = "<group>";
		};
		4C20AEA7256D3BCE0068E629 /* xiebinUITests */ = {
			isa = PBXGroup;
			children = (
				4C20AEA8256D3BCF0068E629 /* xiebinUITests.swift */,
				4C20AEAA256D3BCF0068E629 /* Info.plist */,
			);
			path = xiebinUITests;
			sourceTree = "<group>";
		};
/* End PBXGroup section */

/* Begin PBXNativeTarget section */
		4C20AE87256D3BCC0068E629 /* xiebin */ = {
			isa = PBXNativeTarget;
			buildConfigurationList = 4C20AEAD256D3BCF0068E629 /* Build configuration list for PBXNativeTarget "xiebin" */;
			buildPhases = (
				4C20AE84256D3BCC0068E629 /* Sources */,
				4C20AE85256D3BCC0068E629 /* Frameworks */,
				4C20AE86256D3BCC0068E629 /* Resources */,
			);
			buildRules = (
			);
			dependencies = (
			);
			name = xiebin;
			productName = xiebin;
			productReference = 4C20AE88256D3BCC0068E629 /* xiebin.app */;
			productType = "com.apple.product-type.application";
		};
		4C20AE98256D3BCE0068E629 /* xiebinTests */ = {
			isa = PBXNativeTarget;
			buildConfigurationList = 4C20AEB0256D3BCF0068E629 /* Build configuration list for PBXNativeTarget "xiebinTests" */;
			buildPhases = (
				4C20AE95256D3BCE0068E629 /* Sources */,
				4C20AE96256D3BCE0068E629 /* Frameworks */,
				4C20AE97256D3BCE0068E629 /* Resources */,
			);
			buildRules = (
			);
			dependencies = (
				4C20AE9B256D3BCE0068E629 /* PBXTargetDependency */,
			);
			name = xiebinTests;
			productName = xiebinTests;
			productReference = 4C20AE99256D3BCE0068E629 /* xiebinTests.xctest */;
			productType = "com.apple.product-type.bundle.unit-test";
		};
		4C20AEA3256D3BCE0068E629 /* xiebinUITests */ = {
			isa = PBXNativeTarget;
			buildConfigurationList = 4C20AEB3256D3BCF0068E629 /* Build configuration list for PBXNativeTarget "xiebinUITests" */;
			buildPhases = (
				4C20AEA0256D3BCE0068E629 /* Sources */,
				4C20AEA1256D3BCE0068E629 /* Frameworks */,
				4C20AEA2256D3BCE0068E629 /* Resources */,
			);
			buildRules = (
			);
			dependencies = (
				4C20AEA6256D3BCE0068E629 /* PBXTargetDependency */,
			);
			name = xiebinUITests;
			productName = xiebinUITests;
			productReference = 4C20AEA4256D3BCE0068E629 /* xiebinUITests.xctest */;
			productType = "com.apple.product-type.bundle.ui-testing";
		};
/* End PBXNativeTarget section */

/* Begin PBXProject section */
		4C20AE80256D3BCC0068E629 /* Project object */ = {
			isa = PBXProject;
			attributes = {
				LastSwiftUpdateCheck = 1220;
				LastUpgradeCheck = 1220;
				TargetAttributes = {
					4C20AE87256D3BCC0068E629 = {
						CreatedOnToolsVersion = 12.2;
					};
					4C20AE98256D3BCE0068E629 = {
						CreatedOnToolsVersion = 12.2;
						TestTargetID = 4C20AE87256D3BCC0068E629;
					};
					4C20AEA3256D3BCE0068E629 = {
						CreatedOnToolsVersion = 12.2;
						TestTargetID = 4C20AE87256D3BCC0068E629;
					};
				};
			};
			buildConfigurationList = 4C20AE83256D3BCC0068E629 /* Build configuration list for PBXProject "xiebin" */;
			compatibilityVersion = "Xcode 9.3";
			developmentRegion = en;
			hasScannedForEncodings = 0;
			knownRegions = (
				en,
				Base,
			);
			mainGroup = 4C20AE7F256D3BCC0068E629;
			productRefGroup = 4C20AE89256D3BCC0068E629 /* Products */;
			projectDirPath = "";
			projectRoot = "";
			targets = (
				4C20AE87256D3BCC0068E629 /* xiebin */,
				4C20AE98256D3BCE0068E629 /* xiebinTests */,
				4C20AEA3256D3BCE0068E629 /* xiebinUITests */,
			);
		};
/* End PBXProject section */

/* Begin PBXResourcesBuildPhase section */
		4C20AE86256D3BCC0068E629 /* Resources */ = {
			isa = PBXResourcesBuildPhase;
			buildActionMask = 2147483647;
			files = (
				4C20AE93256D3BCE0068E629 /* Preview Assets.xcassets in Resources */,
				4C20AE90256D3BCE0068E629 /* Assets.xcassets in Resources */,
			);
			runOnlyForDeploymentPostprocessing = 0;
		};
		4C20AE97256D3BCE0068E629 /* Resources */ = {
			isa = PBXResourcesBuildPhase;
			buildActionMask = 2147483647;
			files = (
			);
			runOnlyForDeploymentPostprocessing = 0;
		};
		4C20AEA2256D3BCE0068E629 /* Resources */ = {
			isa = PBXResourcesBuildPhase;
			buildActionMask = 2147483647;
			files = (
			);
			runOnlyForDeploymentPostprocessing = 0;
		};
/* End PBXResourcesBuildPhase section */

/* Begin PBXSourcesBuildPhase section */
		4C20AE84256D3BCC0068E629 /* Sources */ = {
			isa = PBXSourcesBuildPhase;
			buildActionMask = 2147483647;
			files = (
				4C20AE8E256D3BCC0068E629 /* ContentView.swift in Sources */,
				4C20AE8C256D3BCC0068E629 /* xiebinApp.swift in Sources */,
			);
			runOnlyForDeploymentPostprocessing = 0;
		};
		4C20AE95256D3BCE0068E629 /* Sources */ = {
			isa = PBXSourcesBuildPhase;
			buildActionMask = 2147483647;
			files = (
				4C20AE9E256D3BCE0068E629 /* xiebinTests.swift in Sources */,
			);
			runOnlyForDeploymentPostprocessing = 0;
		};
		4C20AEA0256D3BCE0068E629 /* Sources */ = {
			isa = PBXSourcesBuildPhase;
			buildActionMask = 2147483647;
			files = (
				4C20AEA9256D3BCF0068E629 /* xiebinUITests.swift in Sources */,
			);
			runOnlyForDeploymentPostprocessing = 0;
		};
/* End PBXSourcesBuildPhase section */

/* Begin PBXTargetDependency section */
		4C20AE9B256D3BCE0068E629 /* PBXTargetDependency */ = {
			isa = PBXTargetDependency;
			target = 4C20AE87256D3BCC0068E629 /* xiebin */;
			targetProxy = 4C20AE9A256D3BCE0068E629 /* PBXContainerItemProxy */;
		};
		4C20AEA6256D3BCE0068E629 /* PBXTargetDependency */ = {
			isa = PBXTargetDependency;
			target = 4C20AE87256D3BCC0068E629 /* xiebin */;
			targetProxy = 4C20AEA5256D3BCE0068E629 /* PBXContainerItemProxy */;
		};
/* End PBXTargetDependency section */

/* Begin XCBuildConfiguration section */
		4C20AEAB256D3BCF0068E629 /* Debug */ = {
			isa = XCBuildConfiguration;
			buildSettings = {
				ALWAYS_SEARCH_USER_PATHS = NO;
				CLANG_ANALYZER_NONNULL = YES;
				CLANG_ANALYZER_NUMBER_OBJECT_CONVERSION = YES_AGGRESSIVE;
				CLANG_CXX_LANGUAGE_STANDARD = "gnu++14";
				CLANG_CXX_LIBRARY = "libc++";
				CLANG_ENABLE_MODULES = YES;
				CLANG_ENABLE_OBJC_ARC = YES;
				CLANG_ENABLE_OBJC_WEAK = YES;
				CLANG_WARN_BLOCK_CAPTURE_AUTORELEASING = YES;
				CLANG_WARN_BOOL_CONVERSION = YES;
				CLANG_WARN_COMMA = YES;
				CLANG_WARN_CONSTANT_CONVERSION = YES;
				CLANG_WARN_DEPRECATED_OBJC_IMPLEMENTATIONS = YES;
				CLANG_WARN_DIRECT_OBJC_ISA_USAGE = YES_ERROR;
				CLANG_WARN_DOCUMENTATION_COMMENTS = YES;
				CLANG_WARN_EMPTY_BODY = YES;
				CLANG_WARN_ENUM_CONVERSION = YES;
				CLANG_WARN_INFINITE_RECURSION = YES;
				CLANG_WARN_INT_CONVERSION = YES;
				CLANG_WARN_NON_LITERAL_NULL_CONVERSION = YES;
				CLANG_WARN_OBJC_IMPLICIT_RETAIN_SELF = YES;
				CLANG_WARN_OBJC_LITERAL_CONVERSION = YES;
				CLANG_WARN_OBJC_ROOT_CLASS = YES_ERROR;
				CLANG_WARN_QUOTED_INCLUDE_IN_FRAMEWORK_HEADER = YES;
				CLANG_WARN_RANGE_LOOP_ANALYSIS = YES;
				CLANG_WARN_STRICT_PROTOTYPES = YES;
				CLANG_WARN_SUSPICIOUS_MOVE = YES;
				CLANG_WARN_UNGUARDED_AVAILABILITY = YES_AGGRESSIVE;
				CLANG_WARN_UNREACHABLE_CODE = YES;
				CLANG_WARN__DUPLICATE_METHOD_MATCH = YES;
				COPY_PHASE_STRIP = NO;
				DEBUG_INFORMATION_FORMAT = dwarf;
				ENABLE_STRICT_OBJC_MSGSEND = YES;
				ENABLE_TESTABILITY = YES;
				GCC_C_LANGUAGE_STANDARD = gnu11;
				GCC_DYNAMIC_NO_PIC = NO;
				GCC_NO_COMMON_BLOCKS = YES;
				GCC_OPTIMIZATION_LEVEL = 0;
				GCC_PREPROCESSOR_DEFINITIONS = (
					"DEBUG=1",
					"$(inherited)",
				);
				GCC_WARN_64_TO_32_BIT_CONVERSION = YES;
				GCC_WARN_ABOUT_RETURN_TYPE = YES_ERROR;
				GCC_WARN_UNDECLARED_SELECTOR = YES;
				GCC_WARN_UNINITIALIZED_AUTOS = YES_AGGRESSIVE;
				GCC_WARN_UNUSED_FUNCTION = YES;
				GCC_WARN_UNUSED_VARIABLE = YES;
				IPHONEOS_DEPLOYMENT_TARGET = 14.2;
				MTL_ENABLE_DEBUG_INFO = INCLUDE_SOURCE;
				MTL_FAST_MATH = YES;
				ONLY_ACTIVE_ARCH = YES;
				SDKROOT = iphoneos;
				SWIFT_ACTIVE_COMPILATION_CONDITIONS = DEBUG;
				SWIFT_OPTIMIZATION_LEVEL = "-Onone";
			};
			name = Debug;
		};
		4C20AEAC256D3BCF0068E629 /* Release */ = {
			isa = XCBuildConfiguration;
			buildSettings = {
				ALWAYS_SEARCH_USER_PATHS = NO;
				CLANG_ANALYZER_NONNULL = YES;
				CLANG_ANALYZER_NUMBER_OBJECT_CONVERSION = YES_AGGRESSIVE;
				CLANG_CXX_LANGUAGE_STANDARD = "gnu++14";
				CLANG_CXX_LIBRARY = "libc++";
				CLANG_ENABLE_MODULES = YES;
				CLANG_ENABLE_OBJC_ARC = YES;
				CLANG_ENABLE_OBJC_WEAK = YES;
				CLANG_WARN_BLOCK_CAPTURE_AUTORELEASING = YES;
				CLANG_WARN_BOOL_CONVERSION = YES;
				CLANG_WARN_COMMA = YES;
				CLANG_WARN_CONSTANT_CONVERSION = YES;
				CLANG_WARN_DEPRECATED_OBJC_IMPLEMENTATIONS = YES;
				CLANG_WARN_DIRECT_OBJC_ISA_USAGE = YES_ERROR;
				CLANG_WARN_DOCUMENTATION_COMMENTS = YES;
				CLANG_WARN_EMPTY_BODY = YES;
				CLANG_WARN_ENUM_CONVERSION = YES;
				CLANG_WARN_INFINITE_RECURSION = YES;
				CLANG_WARN_INT_CONVERSION = YES;
				CLANG_WARN_NON_LITERAL_NULL_CONVERSION = YES;
				CLANG_WARN_OBJC_IMPLICIT_RETAIN_SELF = YES;
				CLANG_WARN_OBJC_LITERAL_CONVERSION = YES;
				CLANG_WARN_OBJC_ROOT_CLASS = YES_ERROR;
				CLANG_WARN_QUOTED_INCLUDE_IN_FRAMEWORK_HEADER = YES;
				CLANG_WARN_RANGE_LOOP_ANALYSIS = YES;
				CLANG_WARN_STRICT_PROTOTYPES = YES;
				CLANG_WARN_SUSPICIOUS_MOVE = YES;
				CLANG_WARN_UNGUARDED_AVAILABILITY = YES_AGGRESSIVE;
				CLANG_WARN_UNREACHABLE_CODE = YES;
				CLANG_WARN__DUPLICATE_METHOD_MATCH = YES;
				COPY_PHASE_STRIP = NO;
				DEBUG_INFORMATION_FORMAT = "dwarf-with-dsym";
				ENABLE_NS_ASSERTIONS = NO;
				ENABLE_STRICT_OBJC_MSGSEND = YES;
				GCC_C_LANGUAGE_STANDARD = gnu11;
				GCC_NO_COMMON_BLOCKS = YES;
				GCC_WARN_64_TO_32_BIT_CONVERSION = YES;
				GCC_WARN_ABOUT_RETURN_TYPE = YES_ERROR;
				GCC_WARN_UNDECLARED_SELECTOR = YES;
				GCC_WARN_UNINITIALIZED_AUTOS = YES_AGGRESSIVE;
				GCC_WARN_UNUSED_FUNCTION = YES;
				GCC_WARN_UNUSED_VARIABLE = YES;
				IPHONEOS_DEPLOYMENT_TARGET = 14.2;
				MTL_ENABLE_DEBUG_INFO = NO;
				MTL_FAST_MATH = YES;
				SDKROOT = iphoneos;
				SWIFT_COMPILATION_MODE = wholemodule;
				SWIFT_OPTIMIZATION_LEVEL = "-O";
				VALIDATE_PRODUCT = YES;
			};
			name = Release;
		};
		4C20AEAE256D3BCF0068E629 /* Debug */ = {
			isa = XCBuildConfiguration;
			buildSettings = {
				ASSETCATALOG_COMPILER_APPICON_NAME = AppIcon;
				ASSETCATALOG_COMPILER_GLOBAL_ACCENT_COLOR_NAME = AccentColor;
				CODE_SIGN_STYLE = Automatic;
				DEVELOPMENT_ASSET_PATHS = "\"xiebin/Preview Content\"";
				ENABLE_PREVIEWS = YES;
				INFOPLIST_FILE = xiebin/Info.plist;
				IPHONEOS_DEPLOYMENT_TARGET = 14.0;
				LD_RUNPATH_SEARCH_PATHS = (
					"$(inherited)",
					"@executable_path/Frameworks",
				);
				PRODUCT_BUNDLE_IDENTIFIER = firstcode.xiebin;
				PRODUCT_NAME = "$(TARGET_NAME)";
				SWIFT_VERSION = 5.0;
				TARGETED_DEVICE_FAMILY = "1,2";
			};
			name = Debug;
		};
		4C20AEAF256D3BCF0068E629 /* Release */ = {
			isa = XCBuildConfiguration;
			buildSettings = {
				ASSETCATALOG_COMPILER_APPICON_NAME = AppIcon;
				ASSETCATALOG_COMPILER_GLOBAL_ACCENT_COLOR_NAME = AccentColor;
				CODE_SIGN_STYLE = Automatic;
				DEVELOPMENT_ASSET_PATHS = "\"xiebin/Preview Content\"";
				ENABLE_PREVIEWS = YES;
				INFOPLIST_FILE = xiebin/Info.plist;
				IPHONEOS_DEPLOYMENT_TARGET = 14.0;
				LD_RUNPATH_SEARCH_PATHS = (
					"$(inherited)",
					"@executable_path/Frameworks",
				);
				PRODUCT_BUNDLE_IDENTIFIER = firstcode.xiebin;
				PRODUCT_NAME = "$(TARGET_NAME)";
				SWIFT_VERSION = 5.0;
				TARGETED_DEVICE_FAMILY = "1,2";
			};
			name = Release;
		};
		4C20AEB1256D3BCF0068E629 /* Debug */ = {
			isa = XCBuildConfiguration;
			buildSettings = {
				ALWAYS_EMBED_SWIFT_STANDARD_LIBRARIES = YES;
				BUNDLE_LOADER = "$(TEST_HOST)";
				CODE_SIGN_STYLE = Automatic;
				INFOPLIST_FILE = xiebinTests/Info.plist;
				IPHONEOS_DEPLOYMENT_TARGET = 14.0;
				LD_RUNPATH_SEARCH_PATHS = (
					"$(inherited)",
					"@executable_path/Frameworks",
					"@loader_path/Frameworks",
				);
				PRODUCT_BUNDLE_IDENTIFIER = firstcode.xiebinTests;
				PRODUCT_NAME = "$(TARGET_NAME)";
				SWIFT_VERSION = 5.0;
				TARGETED_DEVICE_FAMILY = "1,2";
				TEST_HOST = "$(BUILT_PRODUCTS_DIR)/xiebin.app/xiebin";
			};
			name = Debug;
		};
		4C20AEB2256D3BCF0068E629 /* Release */ = {
			isa = XCBuildConfiguration;
			buildSettings = {
				ALWAYS_EMBED_SWIFT_STANDARD_LIBRARIES = YES;
				BUNDLE_LOADER = "$(TEST_HOST)";
				CODE_SIGN_STYLE = Automatic;
				INFOPLIST_FILE = xiebinTests/Info.plist;
				IPHONEOS_DEPLOYMENT_TARGET = 14.0;
				LD_RUNPATH_SEARCH_PATHS = (
					"$(inherited)",
					"@executable_path/Frameworks",
					"@loader_path/Frameworks",
				);
				PRODUCT_BUNDLE_IDENTIFIER = firstcode.xiebinTests;
				PRODUCT_NAME = "$(TARGET_NAME)";
				SWIFT_VERSION = 5.0;
				TARGETED_DEVICE_FAMILY = "1,2";
				TEST_HOST = "$(BUILT_PRODUCTS_DIR)/xiebin.app/xiebin";
			};
			name = Release;
		};
		4C20AEB4256D3BCF0068E629 /* Debug */ = {
			isa = XCBuildConfiguration;
			buildSettings = {
				ALWAYS_EMBED_SWIFT_STANDARD_LIBRARIES = YES;
				CODE_SIGN_STYLE = Automatic;
				INFOPLIST_FILE = xiebinUITests/Info.plist;
				LD_RUNPATH_SEARCH_PATHS = (
					"$(inherited)",
					"@executable_path/Frameworks",
					"@loader_path/Frameworks",
				);
				PRODUCT_BUNDLE_IDENTIFIER = firstcode.xiebinUITests;
				PRODUCT_NAME = "$(TARGET_NAME)";
				SWIFT_VERSION = 5.0;
				TARGETED_DEVICE_FAMILY = "1,2";
				TEST_TARGET_NAME = xiebin;
			};
			name = Debug;
		};
		4C20AEB5256D3BCF0068E629 /* Release */ = {
			isa = XCBuildConfiguration;
			buildSettings = {
				ALWAYS_EMBED_SWIFT_STANDARD_LIBRARIES = YES;
				CODE_SIGN_STYLE = Automatic;
				INFOPLIST_FILE = xiebinUITests/Info.plist;
				LD_RUNPATH_SEARCH_PATHS = (
					"$(inherited)",
					"@executable_path/Frameworks",
					"@loader_path/Frameworks",
				);
				PRODUCT_BUNDLE_IDENTIFIER = firstcode.xiebinUITests;
				PRODUCT_NAME = "$(TARGET_NAME)";
				SWIFT_VERSION = 5.0;
				TARGETED_DEVICE_FAMILY = "1,2";
				TEST_TARGET_NAME = xiebin;
			};
			name = Release;
		};
/* End XCBuildConfiguration section */

/* Begin XCConfigurationList section */
		4C20AE83256D3BCC0068E629 /* Build configuration list for PBXProject "xiebin" */ = {
			isa = XCConfigurationList;
			buildConfigurations = (
				4C20AEAB256D3BCF0068E629 /* Debug */,
				4C20AEAC256D3BCF0068E629 /* Release */,
			);
			defaultConfigurationIsVisible = 0;
			defaultConfigurationName = Release;
		};
		4C20AEAD256D3BCF0068E629 /* Build configuration list for PBXNativeTarget "xiebin" */ = {
			isa = XCConfigurationList;
			buildConfigurations = (
				4C20AEAE256D3BCF0068E629 /* Debug */,
				4C20AEAF256D3BCF0068E629 /* Release */,
			);
			defaultConfigurationIsVisible = 0;
			defaultConfigurationName = Release;
		};
		4C20AEB0256D3BCF0068E629 /* Build configuration list for PBXNativeTarget "xiebinTests" */ = {
			isa = XCConfigurationList;
			buildConfigurations = (
				4C20AEB1256D3BCF0068E629 /* Debug */,
				4C20AEB2256D3BCF0068E629 /* Release */,
			);
			defaultConfigurationIsVisible = 0;
			defaultConfigurationName = Release;
		};
		4C20AEB3256D3BCF0068E629 /* Build configuration list for PBXNativeTarget "xiebinUITests" */ = {
			isa = XCConfigurationList;
			buildConfigurations = (
				4C20AEB4256D3BCF0068E629 /* Debug */,
				4C20AEB5256D3BCF0068E629 /* Release */,
			);
			defaultConfigurationIsVisible = 0;
			defaultConfigurationName = Release;
		};
/* End XCConfigurationList section */
	};
	rootObject = 4C20AE80256D3BCC0068E629 /* Project object */;
}
